
Microsoft Visual Studio Solution File, Format Version 12.00
# Visual Studio Version 17
VisualStudioVersion = 17.4.33205.214
MinimumVisualStudioVersion = 10.0.40219.1
Project("{FAE04EC0-301F-11D3-BF4B-00C04F79EFBC}") = "JeuPOM", "JeuPOM\JeuPOM.csproj", "{80B17E85-8ED8-42DA-BA9A-38B31B15FBCE}"
EndProject
Project("{FAE04EC0-301F-11D3-BF4B-00C04F79EFBC}") = "info", "info\info.csproj", "{DFD00123-4CFC-4A01-A4E9-90E8949F0382}"
EndProject
Project("{FAE04EC0-301F-11D3-BF4B-00C04F79EFBC}") = "GestionRH", "GestionRH\GestionRH.csproj", "{1BA9402E-17F6-49D9-9285-5A3C884EFE8F}"
EndProject
Global
	GlobalSection(SolutionConfigurationPlatforms) = preSolution
		Debug|Any CPU = Debug|Any CPU
		Release|Any CPU = Release|Any CPU
	EndGlobalSection
	GlobalSection(ProjectConfigurationPlatforms) = postSolution
		{80B17E85-8ED8-42DA-BA9A-38B31B15FBCE}.Debug|Any CPU.ActiveCfg = Debug|Any CPU
		{80B17E85-8ED8-42DA-BA9A-38B31B15FBCE}.Debug|Any CPU.Build.0 = Debug|Any CPU
		{80B17E85-8ED8-42DA-BA9A-38B31B15FBCE}.Release|Any CPU.ActiveCfg = Release|Any CPU
		{80B17E85-8ED8-42DA-BA9A-38B31B15FBCE}.Release|Any CPU.Build.0 = Release|Any CPU
		{DFD00123-4CFC-4A01-A4E9-90E8949F0382}.Debug|Any CPU.ActiveCfg = Debug|Any CPU
		{DFD00123-4CFC-4A01-A4E9-90E8949F0382}.Debug|Any CPU.Build.0 = Debug|Any CPU
		{DFD00123-4CFC-4A01-A4E9-90E8949F0382}.Release|Any CPU.ActiveCfg = Release|Any CPU
		{DFD00123-4CFC-4A01-A4E9-90E8949F0382}.Release|Any CPU.Build.0 = Release|Any CPU
		{1BA9402E-17F6-49D9-9285-5A3C884EFE8F}.Debug|Any CPU.ActiveCfg = Debug|Any CPU
		{1BA9402E-17F6-49D9-9285-5A3C884EFE8F}.Debug|Any CPU.Build.0 = Debug|Any CPU
		{1BA9402E-17F6-49D9-9285-5A3C884EFE8F}.Release|Any CPU.ActiveCfg = Release|Any CPU
		{1BA9402E-17F6-49D9-9285-5A3C884EFE8F}.Release|Any CPU.Build.0 = Release|Any CPU
	EndGlobalSection
	GlobalSection(SolutionProperties) = preSolution
		HideSolutionNode = FALSE
	EndGlobalSection
	GlobalSection(ExtensibilityGlobals) = postSolution
		SolutionGuid = {67D79417-F31A-415F-AC80-59D093FAD6B2}
	EndGlobalSection
EndGlobal
