
Microsoft Visual Studio Solution File, Format Version 12.00
# Visual Studio Version 17
VisualStudioVersion = 17.4.33205.214
MinimumVisualStudioVersion = 10.0.40219.1
Project("{9A19103F-16F7-4668-BE54-9A1E7A4F7556}") = "JeuPOM", "JeuPOM\JeuPOM.csproj", "{6E5A4138-B48E-4682-A17C-D2737D722935}"
EndProject
Project("{FAE04EC0-301F-11D3-BF4B-00C04F79EFBC}") = "info", "info\info.csproj", "{A910B273-6009-41AB-A12C-C0B6D232B4E9}"
EndProject
Global
	GlobalSection(SolutionConfigurationPlatforms) = preSolution
		Debug|Any CPU = Debug|Any CPU
		Release|Any CPU = Release|Any CPU
	EndGlobalSection
	GlobalSection(ProjectConfigurationPlatforms) = postSolution
		{6E5A4138-B48E-4682-A17C-D2737D722935}.Debug|Any CPU.ActiveCfg = Debug|Any CPU
		{6E5A4138-B48E-4682-A17C-D2737D722935}.Debug|Any CPU.Build.0 = Debug|Any CPU
		{6E5A4138-B48E-4682-A17C-D2737D722935}.Release|Any CPU.ActiveCfg = Release|Any CPU
		{6E5A4138-B48E-4682-A17C-D2737D722935}.Release|Any CPU.Build.0 = Release|Any CPU
		{A910B273-6009-41AB-A12C-C0B6D232B4E9}.Debug|Any CPU.ActiveCfg = Debug|Any CPU
		{A910B273-6009-41AB-A12C-C0B6D232B4E9}.Debug|Any CPU.Build.0 = Debug|Any CPU
		{A910B273-6009-41AB-A12C-C0B6D232B4E9}.Release|Any CPU.ActiveCfg = Release|Any CPU
		{A910B273-6009-41AB-A12C-C0B6D232B4E9}.Release|Any CPU.Build.0 = Release|Any CPU
	EndGlobalSection
	GlobalSection(SolutionProperties) = preSolution
		HideSolutionNode = FALSE
	EndGlobalSection
	GlobalSection(ExtensibilityGlobals) = postSolution
		SolutionGuid = {04795E97-D7D9-438E-B371-570BAF1513A0}
	EndGlobalSection
EndGlobal
